
Microsoft Visual Studio Solution File, Format Version 12.00
# Visual Studio 2015
Project("{FAE04EC0-301F-11D3-BF4B-00C04F79EFBC}") = "Bunkers.CSharp", "Bunkers.CSharp.csproj", "{628BC309-F054-0008-CDAC-690A7734CB69}"
EndProject
Project("{FAE04EC0-301F-11D3-BF4B-00C04F79EFBC}") = "Bunkers.CSharp.Editor", "Bunkers.CSharp.Editor.csproj", "{32E7223D-FD69-8BA0-6B94-07557C285310}"
EndProject
Global
	GlobalSection(SolutionConfigurationPlatforms) = preSolution
		Debug|Any CPU = Debug|Any CPU
		Release|Any CPU = Release|Any CPU
	EndGlobalSection
	GlobalSection(ProjectConfigurationPlatforms) = postSolution
		{628BC309-F054-0008-CDAC-690A7734CB69}.Debug|Any CPU.ActiveCfg = Debug|Any CPU
		{628BC309-F054-0008-CDAC-690A7734CB69}.Debug|Any CPU.Build.0 = Debug|Any CPU
		{628BC309-F054-0008-CDAC-690A7734CB69}.Release|Any CPU.ActiveCfg = Release|Any CPU
		{628BC309-F054-0008-CDAC-690A7734CB69}.Release|Any CPU.Build.0 = Release|Any CPU
		{32E7223D-FD69-8BA0-6B94-07557C285310}.Debug|Any CPU.ActiveCfg = Debug|Any CPU
		{32E7223D-FD69-8BA0-6B94-07557C285310}.Debug|Any CPU.Build.0 = Debug|Any CPU
		{32E7223D-FD69-8BA0-6B94-07557C285310}.Release|Any CPU.ActiveCfg = Release|Any CPU
		{32E7223D-FD69-8BA0-6B94-07557C285310}.Release|Any CPU.Build.0 = Release|Any CPU
	EndGlobalSection
	GlobalSection(SolutionProperties) = preSolution
		HideSolutionNode = FALSE
	EndGlobalSection
EndGlobal
