Microsoft Visual Studio Solution File, Format Version 11.00
# Visual Studio 2008

Project("{6B3D69FB-FC80-BA70-067D-756F34B4165D}") = "Bunkers", "Assembly-CSharp-firstpass.csproj", "{D841EF43-DAF7-010E-95B4-945A70A1B5B1}"
EndProject
Project("{6B3D69FB-FC80-BA70-067D-756F34B4165D}") = "Bunkers", "Assembly-CSharp.csproj", "{3402A120-AD33-0EC3-1668-6271A5C764FC}"
EndProject
Project("{6B3D69FB-FC80-BA70-067D-756F34B4165D}") = "Bunkers", "Assembly-CSharp-Editor.csproj", "{5DC8C497-CFDC-9CBE-4D54-135248E27DA0}"
EndProject
Global
	GlobalSection(SolutionConfigurationPlatforms) = preSolution
		Debug|Any CPU = Debug|Any CPU
		Release|Any CPU = Release|Any CPU
	EndGlobalSection
	GlobalSection(ProjectConfigurationPlatforms) = postSolution
		{D841EF43-DAF7-010E-95B4-945A70A1B5B1}.Debug|Any CPU.ActiveCfg = Debug|Any CPU
		{D841EF43-DAF7-010E-95B4-945A70A1B5B1}.Debug|Any CPU.Build.0 = Debug|Any CPU
		{D841EF43-DAF7-010E-95B4-945A70A1B5B1}.Release|Any CPU.ActiveCfg = Release|Any CPU
		{D841EF43-DAF7-010E-95B4-945A70A1B5B1}.Release|Any CPU.Build.0 = Release|Any CPU
		{3402A120-AD33-0EC3-1668-6271A5C764FC}.Debug|Any CPU.ActiveCfg = Debug|Any CPU
		{3402A120-AD33-0EC3-1668-6271A5C764FC}.Debug|Any CPU.Build.0 = Debug|Any CPU
		{3402A120-AD33-0EC3-1668-6271A5C764FC}.Release|Any CPU.ActiveCfg = Release|Any CPU
		{3402A120-AD33-0EC3-1668-6271A5C764FC}.Release|Any CPU.Build.0 = Release|Any CPU
		{5DC8C497-CFDC-9CBE-4D54-135248E27DA0}.Debug|Any CPU.ActiveCfg = Debug|Any CPU
		{5DC8C497-CFDC-9CBE-4D54-135248E27DA0}.Debug|Any CPU.Build.0 = Debug|Any CPU
		{5DC8C497-CFDC-9CBE-4D54-135248E27DA0}.Release|Any CPU.ActiveCfg = Release|Any CPU
		{5DC8C497-CFDC-9CBE-4D54-135248E27DA0}.Release|Any CPU.Build.0 = Release|Any CPU
	EndGlobalSection
	GlobalSection(SolutionProperties) = preSolution
		HideSolutionNode = FALSE
	EndGlobalSection
	GlobalSection(MonoDevelopProperties) = preSolution
		StartupItem = Assembly-CSharp.csproj
	EndGlobalSection
EndGlobal
